
Microsoft Visual Studio Solution File, Format Version 12.00
# Visual Studio Version 17
VisualStudioVersion = 17.9.34607.119
MinimumVisualStudioVersion = 10.0.40219.1
Project("{FAE04EC0-301F-11D3-BF4B-00C04F79EFBC}") = "SimpleUserManager", "SimpleUserManager\SimpleUserManager.csproj", "{A26BBA48-29C5-4163-AF5B-DA2709F6CBEC}"
EndProject
Global
	GlobalSection(SolutionConfigurationPlatforms) = preSolution
		Debug|Any CPU = Debug|Any CPU
		Release|Any CPU = Release|Any CPU
	EndGlobalSection
	GlobalSection(ProjectConfigurationPlatforms) = postSolution
		{A26BBA48-29C5-4163-AF5B-DA2709F6CBEC}.Debug|Any CPU.ActiveCfg = Debug|Any CPU
		{A26BBA48-29C5-4163-AF5B-DA2709F6CBEC}.Debug|Any CPU.Build.0 = Debug|Any CPU
		{A26BBA48-29C5-4163-AF5B-DA2709F6CBEC}.Release|Any CPU.ActiveCfg = Release|Any CPU
		{A26BBA48-29C5-4163-AF5B-DA2709F6CBEC}.Release|Any CPU.Build.0 = Release|Any CPU
	EndGlobalSection
	GlobalSection(SolutionProperties) = preSolution
		HideSolutionNode = FALSE
	EndGlobalSection
	GlobalSection(ExtensibilityGlobals) = postSolution
		SolutionGuid = {2B82ADD8-5B51-49F8-AEC5-03D8CE0D330F}
	EndGlobalSection
EndGlobal
